
Microsoft Visual Studio Solution File, Format Version 12.00
# Visual Studio Version 17
VisualStudioVersion = 17.10.34928.147
MinimumVisualStudioVersion = 10.0.40219.1
Project("{FAE04EC0-301F-11D3-BF4B-00C04F79EFBC}") = "GRD", "GRD.csproj", "{0E883E42-8F95-4F78-97BF-AAF334680F90}"
EndProject
Global
	GlobalSection(SolutionConfigurationPlatforms) = preSolution
		Debug|Any CPU = Debug|Any CPU
		Release|Any CPU = Release|Any CPU
	EndGlobalSection
	GlobalSection(ProjectConfigurationPlatforms) = postSolution
		{0E883E42-8F95-4F78-97BF-AAF334680F90}.Debug|Any CPU.ActiveCfg = Debug|Any CPU
		{0E883E42-8F95-4F78-97BF-AAF334680F90}.Debug|Any CPU.Build.0 = Debug|Any CPU
		{0E883E42-8F95-4F78-97BF-AAF334680F90}.Release|Any CPU.ActiveCfg = Release|Any CPU
		{0E883E42-8F95-4F78-97BF-AAF334680F90}.Release|Any CPU.Build.0 = Release|Any CPU
	EndGlobalSection
	GlobalSection(SolutionProperties) = preSolution
		HideSolutionNode = FALSE
	EndGlobalSection
	GlobalSection(ExtensibilityGlobals) = postSolution
		SolutionGuid = {529154C6-BAA3-4847-92CA-C432CCA25A92}
	EndGlobalSection
EndGlobal
